
Microsoft Visual Studio Solution File, Format Version 12.00
# Visual Studio Version 17
VisualStudioVersion = 17.3.32901.215
MinimumVisualStudioVersion = 10.0.40219.1
Project("{FAE04EC0-301F-11D3-BF4B-00C04F79EFBC}") = "HREmployeeApp", "HREmployeeApp.csproj", "{9536E30B-F529-4C11-AD83-F4818B729F76}"
EndProject
Global
	GlobalSection(SolutionConfigurationPlatforms) = preSolution
		Debug|Any CPU = Debug|Any CPU
		Release|Any CPU = Release|Any CPU
	EndGlobalSection
	GlobalSection(ProjectConfigurationPlatforms) = postSolution
		{9536E30B-F529-4C11-AD83-F4818B729F76}.Debug|Any CPU.ActiveCfg = Debug|Any CPU
		{9536E30B-F529-4C11-AD83-F4818B729F76}.Debug|Any CPU.Build.0 = Debug|Any CPU
		{9536E30B-F529-4C11-AD83-F4818B729F76}.Release|Any CPU.ActiveCfg = Release|Any CPU
		{9536E30B-F529-4C11-AD83-F4818B729F76}.Release|Any CPU.Build.0 = Release|Any CPU
	EndGlobalSection
	GlobalSection(SolutionProperties) = preSolution
		HideSolutionNode = FALSE
	EndGlobalSection
	GlobalSection(ExtensibilityGlobals) = postSolution
		SolutionGuid = {B2C43A0E-D6F0-463D-B561-3BE45C3D3486}
	EndGlobalSection
EndGlobal
